
Microsoft Visual Studio Solution File, Format Version 12.00
# Visual Studio 15
VisualStudioVersion = 15.0.27004.2002
MinimumVisualStudioVersion = 10.0.40219.1
Project("{8BC9CEB8-8B4A-11D0-8D11-00A0C91BC942}") = "libhttpfilteringengine", "libhttpfilteringengine.vcxproj", "{A91768BF-1314-41FE-9E6F-A4B4D3A777B4}"
	ProjectSection(ProjectDependencies) = postProject
		{CE29AD88-4255-450F-9FA1-22252959CE94} = {CE29AD88-4255-450F-9FA1-22252959CE94}
	EndProjectSection
EndProject
Project("{8BC9CEB8-8B4A-11D0-8D11-00A0C91BC942}") = "GQ", "..\..\deps\gq\ide\msvc\GQ\GQ.vcxproj", "{CE29AD88-4255-450F-9FA1-22252959CE94}"
EndProject
Project("{8BC9CEB8-8B4A-11D0-8D11-00A0C91BC942}") = "FORCE_COPY", "FORCE_COPY\FORCE_COPY.vcxproj", "{2B3170CE-79A8-4DF7-80FE-565C0EF377D1}"
EndProject
Project("{FAE04EC0-301F-11D3-BF4B-00C04F79EFBC}") = "HttpFilteringEngine", "HttpFilteringEngine\HttpFilteringEngine.csproj", "{C49AAB5B-D7C6-4AF8-B35C-C424B7A66A0F}"
EndProject
Project("{FAE04EC0-301F-11D3-BF4B-00C04F79EFBC}") = "Test", "Test\Test.csproj", "{9EA43F4A-C797-4F9E-93F1-76E7BF257CF7}"
EndProject
Global
	GlobalSection(SolutionConfigurationPlatforms) = preSolution
		Debug x64|Any CPU = Debug x64|Any CPU
		Debug x64|Win = Debug x64|Win
		Debug x64|x64 = Debug x64|x64
		Debug x64|x86 = Debug x64|x86
		Debug x86|Any CPU = Debug x86|Any CPU
		Debug x86|Win = Debug x86|Win
		Debug x86|x64 = Debug x86|x64
		Debug x86|x86 = Debug x86|x86
		Debug|Any CPU = Debug|Any CPU
		Debug|Win = Debug|Win
		Debug|x64 = Debug|x64
		Debug|x86 = Debug|x86
		Release x64|Any CPU = Release x64|Any CPU
		Release x64|Win = Release x64|Win
		Release x64|x64 = Release x64|x64
		Release x64|x86 = Release x64|x86
		Release x86|Any CPU = Release x86|Any CPU
		Release x86|Win = Release x86|Win
		Release x86|x64 = Release x86|x64
		Release x86|x86 = Release x86|x86
		Release|Any CPU = Release|Any CPU
		Release|Win = Release|Win
		Release|x64 = Release|x64
		Release|x86 = Release|x86
	EndGlobalSection
	GlobalSection(ProjectConfigurationPlatforms) = postSolution
		{A91768BF-1314-41FE-9E6F-A4B4D3A777B4}.Debug x64|Any CPU.ActiveCfg = Debug x64|x64
		{A91768BF-1314-41FE-9E6F-A4B4D3A777B4}.Debug x64|Any CPU.Build.0 = Debug x64|x64
		{A91768BF-1314-41FE-9E6F-A4B4D3A777B4}.Debug x64|Win.ActiveCfg = Debug x64|x64
		{A91768BF-1314-41FE-9E6F-A4B4D3A777B4}.Debug x64|Win.Build.0 = Debug x64|x64
		{A91768BF-1314-41FE-9E6F-A4B4D3A777B4}.Debug x64|x64.ActiveCfg = Debug x64|x64
		{A91768BF-1314-41FE-9E6F-A4B4D3A777B4}.Debug x64|x64.Build.0 = Debug x64|x64
		{A91768BF-1314-41FE-9E6F-A4B4D3A777B4}.Debug x64|x86.ActiveCfg = Debug x64|x64
		{A91768BF-1314-41FE-9E6F-A4B4D3A777B4}.Debug x64|x86.Build.0 = Debug x64|x64
		{A91768BF-1314-41FE-9E6F-A4B4D3A777B4}.Debug x86|Any CPU.ActiveCfg = Debug x86|Win32
		{A91768BF-1314-41FE-9E6F-A4B4D3A777B4}.Debug x86|Any CPU.Build.0 = Debug x86|Win32
		{A91768BF-1314-41FE-9E6F-A4B4D3A777B4}.Debug x86|Win.ActiveCfg = Debug x86|Win32
		{A91768BF-1314-41FE-9E6F-A4B4D3A777B4}.Debug x86|Win.Build.0 = Debug x86|Win32
		{A91768BF-1314-41FE-9E6F-A4B4D3A777B4}.Debug x86|x64.ActiveCfg = Debug x86|Win32
		{A91768BF-1314-41FE-9E6F-A4B4D3A777B4}.Debug x86|x64.Build.0 = Debug x86|Win32
		{A91768BF-1314-41FE-9E6F-A4B4D3A777B4}.Debug x86|x86.ActiveCfg = Debug x86|Win32
		{A91768BF-1314-41FE-9E6F-A4B4D3A777B4}.Debug x86|x86.Build.0 = Debug x86|Win32
		{A91768BF-1314-41FE-9E6F-A4B4D3A777B4}.Debug|Any CPU.ActiveCfg = Debug x86|x64
		{A91768BF-1314-41FE-9E6F-A4B4D3A777B4}.Debug|Any CPU.Build.0 = Debug x86|x64
		{A91768BF-1314-41FE-9E6F-A4B4D3A777B4}.Debug|Win.ActiveCfg = Debug x86|x64
		{A91768BF-1314-41FE-9E6F-A4B4D3A777B4}.Debug|x64.ActiveCfg = Debug x86|x64
		{A91768BF-1314-41FE-9E6F-A4B4D3A777B4}.Debug|x64.Build.0 = Debug x86|x64
		{A91768BF-1314-41FE-9E6F-A4B4D3A777B4}.Debug|x86.ActiveCfg = Debug x64|Win32
		{A91768BF-1314-41FE-9E6F-A4B4D3A777B4}.Debug|x86.Build.0 = Debug x64|Win32
		{A91768BF-1314-41FE-9E6F-A4B4D3A777B4}.Release x64|Any CPU.ActiveCfg = Release x64|x64
		{A91768BF-1314-41FE-9E6F-A4B4D3A777B4}.Release x64|Any CPU.Build.0 = Release x64|x64
		{A91768BF-1314-41FE-9E6F-A4B4D3A777B4}.Release x64|Win.ActiveCfg = Release x64|x64
		{A91768BF-1314-41FE-9E6F-A4B4D3A777B4}.Release x64|Win.Build.0 = Release x64|x64
		{A91768BF-1314-41FE-9E6F-A4B4D3A777B4}.Release x64|x64.ActiveCfg = Release x64|x64
		{A91768BF-1314-41FE-9E6F-A4B4D3A777B4}.Release x64|x64.Build.0 = Release x64|x64
		{A91768BF-1314-41FE-9E6F-A4B4D3A777B4}.Release x64|x86.ActiveCfg = Release x64|x64
		{A91768BF-1314-41FE-9E6F-A4B4D3A777B4}.Release x64|x86.Build.0 = Release x64|x64
		{A91768BF-1314-41FE-9E6F-A4B4D3A777B4}.Release x86|Any CPU.ActiveCfg = Release x86|Win32
		{A91768BF-1314-41FE-9E6F-A4B4D3A777B4}.Release x86|Win.ActiveCfg = Release x86|Win32
		{A91768BF-1314-41FE-9E6F-A4B4D3A777B4}.Release x86|Win.Build.0 = Release x86|Win32
		{A91768BF-1314-41FE-9E6F-A4B4D3A777B4}.Release x86|x64.ActiveCfg = Release x86|x64
		{A91768BF-1314-41FE-9E6F-A4B4D3A777B4}.Release x86|x64.Build.0 = Release x86|x64
		{A91768BF-1314-41FE-9E6F-A4B4D3A777B4}.Release x86|x86.ActiveCfg = Release x86|Win32
		{A91768BF-1314-41FE-9E6F-A4B4D3A777B4}.Release x86|x86.Build.0 = Release x86|Win32
		{A91768BF-1314-41FE-9E6F-A4B4D3A777B4}.Release|Any CPU.ActiveCfg = Debug x86|x64
		{A91768BF-1314-41FE-9E6F-A4B4D3A777B4}.Release|Any CPU.Build.0 = Debug x86|x64
		{A91768BF-1314-41FE-9E6F-A4B4D3A777B4}.Release|Win.ActiveCfg = Debug x86|x64
		{A91768BF-1314-41FE-9E6F-A4B4D3A777B4}.Release|Win.Build.0 = Debug x86|x64
		{A91768BF-1314-41FE-9E6F-A4B4D3A777B4}.Release|x64.ActiveCfg = Release x86|x64
		{A91768BF-1314-41FE-9E6F-A4B4D3A777B4}.Release|x64.Build.0 = Release x86|x64
		{A91768BF-1314-41FE-9E6F-A4B4D3A777B4}.Release|x86.ActiveCfg = Release x64|Win32
		{A91768BF-1314-41FE-9E6F-A4B4D3A777B4}.Release|x86.Build.0 = Release x64|Win32
		{CE29AD88-4255-450F-9FA1-22252959CE94}.Debug x64|Any CPU.ActiveCfg = Debug x64|x64
		{CE29AD88-4255-450F-9FA1-22252959CE94}.Debug x64|Any CPU.Build.0 = Debug x64|x64
		{CE29AD88-4255-450F-9FA1-22252959CE94}.Debug x64|Win.ActiveCfg = Debug x64|x64
		{CE29AD88-4255-450F-9FA1-22252959CE94}.Debug x64|Win.Build.0 = Debug x64|x64
		{CE29AD88-4255-450F-9FA1-22252959CE94}.Debug x64|x64.ActiveCfg = Debug x64|x64
		{CE29AD88-4255-450F-9FA1-22252959CE94}.Debug x64|x64.Build.0 = Debug x64|x64
		{CE29AD88-4255-450F-9FA1-22252959CE94}.Debug x64|x86.ActiveCfg = Debug x64|x64
		{CE29AD88-4255-450F-9FA1-22252959CE94}.Debug x64|x86.Build.0 = Debug x64|x64
		{CE29AD88-4255-450F-9FA1-22252959CE94}.Debug x86|Any CPU.ActiveCfg = Debug x86|Win32
		{CE29AD88-4255-450F-9FA1-22252959CE94}.Debug x86|Any CPU.Build.0 = Debug x86|Win32
		{CE29AD88-4255-450F-9FA1-22252959CE94}.Debug x86|Win.ActiveCfg = Debug x86|Win32
		{CE29AD88-4255-450F-9FA1-22252959CE94}.Debug x86|Win.Build.0 = Debug x86|Win32
		{CE29AD88-4255-450F-9FA1-22252959CE94}.Debug x86|x64.ActiveCfg = Debug x86|Win32
		{CE29AD88-4255-450F-9FA1-22252959CE94}.Debug x86|x64.Build.0 = Debug x86|Win32
		{CE29AD88-4255-450F-9FA1-22252959CE94}.Debug x86|x86.ActiveCfg = Debug x86|Win32
		{CE29AD88-4255-450F-9FA1-22252959CE94}.Debug x86|x86.Build.0 = Debug x86|Win32
		{CE29AD88-4255-450F-9FA1-22252959CE94}.Debug|Any CPU.ActiveCfg = Debug x86|x64
		{CE29AD88-4255-450F-9FA1-22252959CE94}.Debug|Any CPU.Build.0 = Debug x86|x64
		{CE29AD88-4255-450F-9FA1-22252959CE94}.Debug|Win.ActiveCfg = Debug x86|x64
		{CE29AD88-4255-450F-9FA1-22252959CE94}.Debug|x64.ActiveCfg = Debug x86|x64
		{CE29AD88-4255-450F-9FA1-22252959CE94}.Debug|x64.Build.0 = Debug x86|x64
		{CE29AD88-4255-450F-9FA1-22252959CE94}.Debug|x86.ActiveCfg = Debug x64|Win32
		{CE29AD88-4255-450F-9FA1-22252959CE94}.Debug|x86.Build.0 = Debug x64|Win32
		{CE29AD88-4255-450F-9FA1-22252959CE94}.Release x64|Any CPU.ActiveCfg = Release x64|x64
		{CE29AD88-4255-450F-9FA1-22252959CE94}.Release x64|Any CPU.Build.0 = Release x64|x64
		{CE29AD88-4255-450F-9FA1-22252959CE94}.Release x64|Win.ActiveCfg = Release x64|x64
		{CE29AD88-4255-450F-9FA1-22252959CE94}.Release x64|Win.Build.0 = Release x64|x64
		{CE29AD88-4255-450F-9FA1-22252959CE94}.Release x64|x64.ActiveCfg = Release x64|x64
		{CE29AD88-4255-450F-9FA1-22252959CE94}.Release x64|x64.Build.0 = Release x64|x64
		{CE29AD88-4255-450F-9FA1-22252959CE94}.Release x64|x86.ActiveCfg = Release x64|x64
		{CE29AD88-4255-450F-9FA1-22252959CE94}.Release x64|x86.Build.0 = Release x64|x64
		{CE29AD88-4255-450F-9FA1-22252959CE94}.Release x86|Any CPU.ActiveCfg = Release x86|Win32
		{CE29AD88-4255-450F-9FA1-22252959CE94}.Release x86|Win.ActiveCfg = Release x86|Win32
		{CE29AD88-4255-450F-9FA1-22252959CE94}.Release x86|Win.Build.0 = Release x86|Win32
		{CE29AD88-4255-450F-9FA1-22252959CE94}.Release x86|x64.ActiveCfg = Release x86|x64
		{CE29AD88-4255-450F-9FA1-22252959CE94}.Release x86|x64.Build.0 = Release x86|x64
		{CE29AD88-4255-450F-9FA1-22252959CE94}.Release x86|x86.ActiveCfg = Release x86|Win32
		{CE29AD88-4255-450F-9FA1-22252959CE94}.Release x86|x86.Build.0 = Release x86|Win32
		{CE29AD88-4255-450F-9FA1-22252959CE94}.Release|Any CPU.ActiveCfg = Debug x86|x64
		{CE29AD88-4255-450F-9FA1-22252959CE94}.Release|Any CPU.Build.0 = Debug x86|x64
		{CE29AD88-4255-450F-9FA1-22252959CE94}.Release|Win.ActiveCfg = Debug x86|x64
		{CE29AD88-4255-450F-9FA1-22252959CE94}.Release|Win.Build.0 = Debug x86|x64
		{CE29AD88-4255-450F-9FA1-22252959CE94}.Release|x64.ActiveCfg = Release x86|x64
		{CE29AD88-4255-450F-9FA1-22252959CE94}.Release|x64.Build.0 = Release x86|x64
		{CE29AD88-4255-450F-9FA1-22252959CE94}.Release|x86.ActiveCfg = Release x64|Win32
		{CE29AD88-4255-450F-9FA1-22252959CE94}.Release|x86.Build.0 = Release x64|Win32
		{2B3170CE-79A8-4DF7-80FE-565C0EF377D1}.Debug x64|Any CPU.ActiveCfg = Release|x64
		{2B3170CE-79A8-4DF7-80FE-565C0EF377D1}.Debug x64|Any CPU.Build.0 = Release|x64
		{2B3170CE-79A8-4DF7-80FE-565C0EF377D1}.Debug x64|Win.ActiveCfg = Debug|Win32
		{2B3170CE-79A8-4DF7-80FE-565C0EF377D1}.Debug x64|x64.ActiveCfg = Debug|x64
		{2B3170CE-79A8-4DF7-80FE-565C0EF377D1}.Debug x64|x64.Build.0 = Debug|x64
		{2B3170CE-79A8-4DF7-80FE-565C0EF377D1}.Debug x64|x86.ActiveCfg = Debug|Win32
		{2B3170CE-79A8-4DF7-80FE-565C0EF377D1}.Debug x64|x86.Build.0 = Debug|Win32
		{2B3170CE-79A8-4DF7-80FE-565C0EF377D1}.Debug x86|Any CPU.ActiveCfg = Release|x64
		{2B3170CE-79A8-4DF7-80FE-565C0EF377D1}.Debug x86|Any CPU.Build.0 = Release|x64
		{2B3170CE-79A8-4DF7-80FE-565C0EF377D1}.Debug x86|Win.ActiveCfg = Debug|Win32
		{2B3170CE-79A8-4DF7-80FE-565C0EF377D1}.Debug x86|x64.ActiveCfg = Debug|x64
		{2B3170CE-79A8-4DF7-80FE-565C0EF377D1}.Debug x86|x64.Build.0 = Debug|x64
		{2B3170CE-79A8-4DF7-80FE-565C0EF377D1}.Debug x86|x86.ActiveCfg = Debug|Win32
		{2B3170CE-79A8-4DF7-80FE-565C0EF377D1}.Debug x86|x86.Build.0 = Debug|Win32
		{2B3170CE-79A8-4DF7-80FE-565C0EF377D1}.Debug|Any CPU.ActiveCfg = Debug|Win32
		{2B3170CE-79A8-4DF7-80FE-565C0EF377D1}.Debug|Win.ActiveCfg = Debug|Win32
		{2B3170CE-79A8-4DF7-80FE-565C0EF377D1}.Debug|x64.ActiveCfg = Debug|x64
		{2B3170CE-79A8-4DF7-80FE-565C0EF377D1}.Debug|x64.Build.0 = Debug|x64
		{2B3170CE-79A8-4DF7-80FE-565C0EF377D1}.Debug|x86.ActiveCfg = Debug|Win32
		{2B3170CE-79A8-4DF7-80FE-565C0EF377D1}.Debug|x86.Build.0 = Debug|Win32
		{2B3170CE-79A8-4DF7-80FE-565C0EF377D1}.Release x64|Any CPU.ActiveCfg = Release|x64
		{2B3170CE-79A8-4DF7-80FE-565C0EF377D1}.Release x64|Any CPU.Build.0 = Release|x64
		{2B3170CE-79A8-4DF7-80FE-565C0EF377D1}.Release x64|Win.ActiveCfg = Release|Win32
		{2B3170CE-79A8-4DF7-80FE-565C0EF377D1}.Release x64|x64.ActiveCfg = Release|x64
		{2B3170CE-79A8-4DF7-80FE-565C0EF377D1}.Release x64|x64.Build.0 = Release|x64
		{2B3170CE-79A8-4DF7-80FE-565C0EF377D1}.Release x64|x86.ActiveCfg = Release|Win32
		{2B3170CE-79A8-4DF7-80FE-565C0EF377D1}.Release x64|x86.Build.0 = Release|Win32
		{2B3170CE-79A8-4DF7-80FE-565C0EF377D1}.Release x86|Any CPU.ActiveCfg = Release|Win32
		{2B3170CE-79A8-4DF7-80FE-565C0EF377D1}.Release x86|Any CPU.Build.0 = Release|Win32
		{2B3170CE-79A8-4DF7-80FE-565C0EF377D1}.Release x86|Win.ActiveCfg = Release|Win32
		{2B3170CE-79A8-4DF7-80FE-565C0EF377D1}.Release x86|x64.ActiveCfg = Release|x64
		{2B3170CE-79A8-4DF7-80FE-565C0EF377D1}.Release x86|x64.Build.0 = Release|x64
		{2B3170CE-79A8-4DF7-80FE-565C0EF377D1}.Release x86|x86.ActiveCfg = Release|Win32
		{2B3170CE-79A8-4DF7-80FE-565C0EF377D1}.Release x86|x86.Build.0 = Release|Win32
		{2B3170CE-79A8-4DF7-80FE-565C0EF377D1}.Release|Any CPU.ActiveCfg = Release|Win32
		{2B3170CE-79A8-4DF7-80FE-565C0EF377D1}.Release|Win.ActiveCfg = Release|Win32
		{2B3170CE-79A8-4DF7-80FE-565C0EF377D1}.Release|x64.ActiveCfg = Release|x64
		{2B3170CE-79A8-4DF7-80FE-565C0EF377D1}.Release|x64.Build.0 = Release|x64
		{2B3170CE-79A8-4DF7-80FE-565C0EF377D1}.Release|x86.ActiveCfg = Release|Win32
		{2B3170CE-79A8-4DF7-80FE-565C0EF377D1}.Release|x86.Build.0 = Release|Win32
		{C49AAB5B-D7C6-4AF8-B35C-C424B7A66A0F}.Debug x64|Any CPU.ActiveCfg = Debug|Any CPU
		{C49AAB5B-D7C6-4AF8-B35C-C424B7A66A0F}.Debug x64|Any CPU.Build.0 = Debug|Any CPU
		{C49AAB5B-D7C6-4AF8-B35C-C424B7A66A0F}.Debug x64|Win.ActiveCfg = Debug|Any CPU
		{C49AAB5B-D7C6-4AF8-B35C-C424B7A66A0F}.Debug x64|Win.Build.0 = Debug|Any CPU
		{C49AAB5B-D7C6-4AF8-B35C-C424B7A66A0F}.Debug x64|x64.ActiveCfg = Debug|Any CPU
		{C49AAB5B-D7C6-4AF8-B35C-C424B7A66A0F}.Debug x64|x64.Build.0 = Debug|Any CPU
		{C49AAB5B-D7C6-4AF8-B35C-C424B7A66A0F}.Debug x64|x86.ActiveCfg = Debug|Any CPU
		{C49AAB5B-D7C6-4AF8-B35C-C424B7A66A0F}.Debug x64|x86.Build.0 = Debug|Any CPU
		{C49AAB5B-D7C6-4AF8-B35C-C424B7A66A0F}.Debug x86|Any CPU.ActiveCfg = Debug|Any CPU
		{C49AAB5B-D7C6-4AF8-B35C-C424B7A66A0F}.Debug x86|Any CPU.Build.0 = Debug|Any CPU
		{C49AAB5B-D7C6-4AF8-B35C-C424B7A66A0F}.Debug x86|Win.ActiveCfg = Debug|Any CPU
		{C49AAB5B-D7C6-4AF8-B35C-C424B7A66A0F}.Debug x86|Win.Build.0 = Debug|Any CPU
		{C49AAB5B-D7C6-4AF8-B35C-C424B7A66A0F}.Debug x86|x64.ActiveCfg = Debug|Any CPU
		{C49AAB5B-D7C6-4AF8-B35C-C424B7A66A0F}.Debug x86|x64.Build.0 = Debug|Any CPU
		{C49AAB5B-D7C6-4AF8-B35C-C424B7A66A0F}.Debug x86|x86.ActiveCfg = Debug|Any CPU
		{C49AAB5B-D7C6-4AF8-B35C-C424B7A66A0F}.Debug x86|x86.Build.0 = Debug|Any CPU
		{C49AAB5B-D7C6-4AF8-B35C-C424B7A66A0F}.Debug|Any CPU.ActiveCfg = Debug|Any CPU
		{C49AAB5B-D7C6-4AF8-B35C-C424B7A66A0F}.Debug|Any CPU.Build.0 = Debug|Any CPU
		{C49AAB5B-D7C6-4AF8-B35C-C424B7A66A0F}.Debug|Win.ActiveCfg = Debug|Any CPU
		{C49AAB5B-D7C6-4AF8-B35C-C424B7A66A0F}.Debug|Win.Build.0 = Debug|Any CPU
		{C49AAB5B-D7C6-4AF8-B35C-C424B7A66A0F}.Debug|x64.ActiveCfg = Debug|Any CPU
		{C49AAB5B-D7C6-4AF8-B35C-C424B7A66A0F}.Debug|x64.Build.0 = Debug|Any CPU
		{C49AAB5B-D7C6-4AF8-B35C-C424B7A66A0F}.Debug|x86.ActiveCfg = Debug|Any CPU
		{C49AAB5B-D7C6-4AF8-B35C-C424B7A66A0F}.Debug|x86.Build.0 = Debug|Any CPU
		{C49AAB5B-D7C6-4AF8-B35C-C424B7A66A0F}.Release x64|Any CPU.ActiveCfg = Release|Any CPU
		{C49AAB5B-D7C6-4AF8-B35C-C424B7A66A0F}.Release x64|Any CPU.Build.0 = Release|Any CPU
		{C49AAB5B-D7C6-4AF8-B35C-C424B7A66A0F}.Release x64|Win.ActiveCfg = Release|Any CPU
		{C49AAB5B-D7C6-4AF8-B35C-C424B7A66A0F}.Release x64|Win.Build.0 = Release|Any CPU
		{C49AAB5B-D7C6-4AF8-B35C-C424B7A66A0F}.Release x64|x64.ActiveCfg = Release|Any CPU
		{C49AAB5B-D7C6-4AF8-B35C-C424B7A66A0F}.Release x64|x64.Build.0 = Release|Any CPU
		{C49AAB5B-D7C6-4AF8-B35C-C424B7A66A0F}.Release x64|x86.ActiveCfg = Release|Any CPU
		{C49AAB5B-D7C6-4AF8-B35C-C424B7A66A0F}.Release x64|x86.Build.0 = Release|Any CPU
		{C49AAB5B-D7C6-4AF8-B35C-C424B7A66A0F}.Release x86|Any CPU.ActiveCfg = Release|Any CPU
		{C49AAB5B-D7C6-4AF8-B35C-C424B7A66A0F}.Release x86|Any CPU.Build.0 = Release|Any CPU
		{C49AAB5B-D7C6-4AF8-B35C-C424B7A66A0F}.Release x86|Win.ActiveCfg = Release|Any CPU
		{C49AAB5B-D7C6-4AF8-B35C-C424B7A66A0F}.Release x86|Win.Build.0 = Release|Any CPU
		{C49AAB5B-D7C6-4AF8-B35C-C424B7A66A0F}.Release x86|x64.ActiveCfg = Release|Any CPU
		{C49AAB5B-D7C6-4AF8-B35C-C424B7A66A0F}.Release x86|x64.Build.0 = Release|Any CPU
		{C49AAB5B-D7C6-4AF8-B35C-C424B7A66A0F}.Release x86|x86.ActiveCfg = Release|Any CPU
		{C49AAB5B-D7C6-4AF8-B35C-C424B7A66A0F}.Release x86|x86.Build.0 = Release|Any CPU
		{C49AAB5B-D7C6-4AF8-B35C-C424B7A66A0F}.Release|Any CPU.ActiveCfg = Release|Any CPU
		{C49AAB5B-D7C6-4AF8-B35C-C424B7A66A0F}.Release|Any CPU.Build.0 = Release|Any CPU
		{C49AAB5B-D7C6-4AF8-B35C-C424B7A66A0F}.Release|Win.ActiveCfg = Release|Any CPU
		{C49AAB5B-D7C6-4AF8-B35C-C424B7A66A0F}.Release|Win.Build.0 = Release|Any CPU
		{C49AAB5B-D7C6-4AF8-B35C-C424B7A66A0F}.Release|x64.ActiveCfg = Release|Any CPU
		{C49AAB5B-D7C6-4AF8-B35C-C424B7A66A0F}.Release|x64.Build.0 = Release|Any CPU
		{C49AAB5B-D7C6-4AF8-B35C-C424B7A66A0F}.Release|x86.ActiveCfg = Release|Any CPU
		{C49AAB5B-D7C6-4AF8-B35C-C424B7A66A0F}.Release|x86.Build.0 = Release|Any CPU
		{9EA43F4A-C797-4F9E-93F1-76E7BF257CF7}.Debug x64|Any CPU.ActiveCfg = Debug|Any CPU
		{9EA43F4A-C797-4F9E-93F1-76E7BF257CF7}.Debug x64|Any CPU.Build.0 = Debug|Any CPU
		{9EA43F4A-C797-4F9E-93F1-76E7BF257CF7}.Debug x64|Win.ActiveCfg = Debug|Any CPU
		{9EA43F4A-C797-4F9E-93F1-76E7BF257CF7}.Debug x64|Win.Build.0 = Debug|Any CPU
		{9EA43F4A-C797-4F9E-93F1-76E7BF257CF7}.Debug x64|x64.ActiveCfg = Debug|Any CPU
		{9EA43F4A-C797-4F9E-93F1-76E7BF257CF7}.Debug x64|x64.Build.0 = Debug|Any CPU
		{9EA43F4A-C797-4F9E-93F1-76E7BF257CF7}.Debug x64|x86.ActiveCfg = Debug|Any CPU
		{9EA43F4A-C797-4F9E-93F1-76E7BF257CF7}.Debug x64|x86.Build.0 = Debug|Any CPU
		{9EA43F4A-C797-4F9E-93F1-76E7BF257CF7}.Debug x86|Any CPU.ActiveCfg = Debug|Any CPU
		{9EA43F4A-C797-4F9E-93F1-76E7BF257CF7}.Debug x86|Any CPU.Build.0 = Debug|Any CPU
		{9EA43F4A-C797-4F9E-93F1-76E7BF257CF7}.Debug x86|Win.ActiveCfg = Debug|Any CPU
		{9EA43F4A-C797-4F9E-93F1-76E7BF257CF7}.Debug x86|Win.Build.0 = Debug|Any CPU
		{9EA43F4A-C797-4F9E-93F1-76E7BF257CF7}.Debug x86|x64.ActiveCfg = Debug|Any CPU
		{9EA43F4A-C797-4F9E-93F1-76E7BF257CF7}.Debug x86|x64.Build.0 = Debug|Any CPU
		{9EA43F4A-C797-4F9E-93F1-76E7BF257CF7}.Debug x86|x86.ActiveCfg = Debug|Any CPU
		{9EA43F4A-C797-4F9E-93F1-76E7BF257CF7}.Debug x86|x86.Build.0 = Debug|Any CPU
		{9EA43F4A-C797-4F9E-93F1-76E7BF257CF7}.Debug|Any CPU.ActiveCfg = Debug|Any CPU
		{9EA43F4A-C797-4F9E-93F1-76E7BF257CF7}.Debug|Any CPU.Build.0 = Debug|Any CPU
		{9EA43F4A-C797-4F9E-93F1-76E7BF257CF7}.Debug|Win.ActiveCfg = Debug|Any CPU
		{9EA43F4A-C797-4F9E-93F1-76E7BF257CF7}.Debug|Win.Build.0 = Debug|Any CPU
		{9EA43F4A-C797-4F9E-93F1-76E7BF257CF7}.Debug|x64.ActiveCfg = Debug|Any CPU
		{9EA43F4A-C797-4F9E-93F1-76E7BF257CF7}.Debug|x64.Build.0 = Debug|Any CPU
		{9EA43F4A-C797-4F9E-93F1-76E7BF257CF7}.Debug|x86.ActiveCfg = Debug|Any CPU
		{9EA43F4A-C797-4F9E-93F1-76E7BF257CF7}.Debug|x86.Build.0 = Debug|Any CPU
		{9EA43F4A-C797-4F9E-93F1-76E7BF257CF7}.Release x64|Any CPU.ActiveCfg = Release|Any CPU
		{9EA43F4A-C797-4F9E-93F1-76E7BF257CF7}.Release x64|Any CPU.Build.0 = Release|Any CPU
		{9EA43F4A-C797-4F9E-93F1-76E7BF257CF7}.Release x64|Win.ActiveCfg = Release|Any CPU
		{9EA43F4A-C797-4F9E-93F1-76E7BF257CF7}.Release x64|Win.Build.0 = Release|Any CPU
		{9EA43F4A-C797-4F9E-93F1-76E7BF257CF7}.Release x64|x64.ActiveCfg = Release|Any CPU
		{9EA43F4A-C797-4F9E-93F1-76E7BF257CF7}.Release x64|x64.Build.0 = Release|Any CPU
		{9EA43F4A-C797-4F9E-93F1-76E7BF257CF7}.Release x64|x86.ActiveCfg = Release|Any CPU
		{9EA43F4A-C797-4F9E-93F1-76E7BF257CF7}.Release x64|x86.Build.0 = Release|Any CPU
		{9EA43F4A-C797-4F9E-93F1-76E7BF257CF7}.Release x86|Any CPU.ActiveCfg = Release|Any CPU
		{9EA43F4A-C797-4F9E-93F1-76E7BF257CF7}.Release x86|Any CPU.Build.0 = Release|Any CPU
		{9EA43F4A-C797-4F9E-93F1-76E7BF257CF7}.Release x86|Win.ActiveCfg = Release|Any CPU
		{9EA43F4A-C797-4F9E-93F1-76E7BF257CF7}.Release x86|Win.Build.0 = Release|Any CPU
		{9EA43F4A-C797-4F9E-93F1-76E7BF257CF7}.Release x86|x64.ActiveCfg = Release|Any CPU
		{9EA43F4A-C797-4F9E-93F1-76E7BF257CF7}.Release x86|x64.Build.0 = Release|Any CPU
		{9EA43F4A-C797-4F9E-93F1-76E7BF257CF7}.Release x86|x86.ActiveCfg = Release|Any CPU
		{9EA43F4A-C797-4F9E-93F1-76E7BF257CF7}.Release x86|x86.Build.0 = Release|Any CPU
		{9EA43F4A-C797-4F9E-93F1-76E7BF257CF7}.Release|Any CPU.ActiveCfg = Release|Any CPU
		{9EA43F4A-C797-4F9E-93F1-76E7BF257CF7}.Release|Any CPU.Build.0 = Release|Any CPU
		{9EA43F4A-C797-4F9E-93F1-76E7BF257CF7}.Release|Win.ActiveCfg = Release|Any CPU
		{9EA43F4A-C797-4F9E-93F1-76E7BF257CF7}.Release|Win.Build.0 = Release|Any CPU
		{9EA43F4A-C797-4F9E-93F1-76E7BF257CF7}.Release|x64.ActiveCfg = Release|Any CPU
		{9EA43F4A-C797-4F9E-93F1-76E7BF257CF7}.Release|x64.Build.0 = Release|Any CPU
		{9EA43F4A-C797-4F9E-93F1-76E7BF257CF7}.Release|x86.ActiveCfg = Release|Any CPU
		{9EA43F4A-C797-4F9E-93F1-76E7BF257CF7}.Release|x86.Build.0 = Release|Any CPU
	EndGlobalSection
	GlobalSection(SolutionProperties) = preSolution
		HideSolutionNode = FALSE
	EndGlobalSection
	GlobalSection(ExtensibilityGlobals) = postSolution
		SolutionGuid = {50063444-A7E6-4081-9FED-A664DE0A7F39}
	EndGlobalSection
EndGlobal
