
Microsoft Visual Studio Solution File, Format Version 12.00
# Visual Studio 14
VisualStudioVersion = 14.0.25420.1
MinimumVisualStudioVersion = 10.0.40219.1
Project("{8BC9CEB8-8B4A-11D0-8D11-00A0C91BC942}") = "libhttpfilteringengine", "libhttpfilteringengine.vcxproj", "{A91768BF-1314-41FE-9E6F-A4B4D3A777B4}"
	ProjectSection(ProjectDependencies) = postProject
		{CE29AD88-4255-450F-9FA1-22252959CE94} = {CE29AD88-4255-450F-9FA1-22252959CE94}
	EndProjectSection
EndProject
Project("{8BC9CEB8-8B4A-11D0-8D11-00A0C91BC942}") = "GQ", "..\..\deps\gq\ide\msvc\GQ\GQ.vcxproj", "{CE29AD88-4255-450F-9FA1-22252959CE94}"
EndProject
Global
	GlobalSection(SolutionConfigurationPlatforms) = preSolution
		Debug x64|Win = Debug x64|Win
		Debug x64|x64 = Debug x64|x64
		Debug x64|x86 = Debug x64|x86
		Debug x86|Win = Debug x86|Win
		Debug x86|x64 = Debug x86|x64
		Debug x86|x86 = Debug x86|x86
		Debug|Win = Debug|Win
		Debug|x64 = Debug|x64
		Debug|x86 = Debug|x86
		Release x64|Win = Release x64|Win
		Release x64|x64 = Release x64|x64
		Release x64|x86 = Release x64|x86
		Release x86|Win = Release x86|Win
		Release x86|x64 = Release x86|x64
		Release x86|x86 = Release x86|x86
		Release|Win = Release|Win
		Release|x64 = Release|x64
		Release|x86 = Release|x86
	EndGlobalSection
	GlobalSection(ProjectConfigurationPlatforms) = postSolution
		{A91768BF-1314-41FE-9E6F-A4B4D3A777B4}.Debug x64|Win.ActiveCfg = Debug x64|x64
		{A91768BF-1314-41FE-9E6F-A4B4D3A777B4}.Debug x64|Win.Build.0 = Debug x64|x64
		{A91768BF-1314-41FE-9E6F-A4B4D3A777B4}.Debug x64|x64.ActiveCfg = Debug x64|x64
		{A91768BF-1314-41FE-9E6F-A4B4D3A777B4}.Debug x64|x64.Build.0 = Debug x64|x64
		{A91768BF-1314-41FE-9E6F-A4B4D3A777B4}.Debug x64|x86.ActiveCfg = Debug x64|Win32
		{A91768BF-1314-41FE-9E6F-A4B4D3A777B4}.Debug x64|x86.Build.0 = Debug x64|Win32
		{A91768BF-1314-41FE-9E6F-A4B4D3A777B4}.Debug x86|Win.ActiveCfg = Debug x86|Win32
		{A91768BF-1314-41FE-9E6F-A4B4D3A777B4}.Debug x86|Win.Build.0 = Debug x86|Win32
		{A91768BF-1314-41FE-9E6F-A4B4D3A777B4}.Debug x86|x64.ActiveCfg = Debug x86|x64
		{A91768BF-1314-41FE-9E6F-A4B4D3A777B4}.Debug x86|x64.Build.0 = Debug x86|x64
		{A91768BF-1314-41FE-9E6F-A4B4D3A777B4}.Debug x86|x86.ActiveCfg = Debug x86|Win32
		{A91768BF-1314-41FE-9E6F-A4B4D3A777B4}.Debug x86|x86.Build.0 = Debug x86|Win32
		{A91768BF-1314-41FE-9E6F-A4B4D3A777B4}.Debug|Win.ActiveCfg = Debug x86|x64
		{A91768BF-1314-41FE-9E6F-A4B4D3A777B4}.Debug|Win.Build.0 = Debug x86|x64
		{A91768BF-1314-41FE-9E6F-A4B4D3A777B4}.Debug|x64.ActiveCfg = Debug x86|x64
		{A91768BF-1314-41FE-9E6F-A4B4D3A777B4}.Debug|x64.Build.0 = Debug x86|x64
		{A91768BF-1314-41FE-9E6F-A4B4D3A777B4}.Debug|x86.ActiveCfg = Debug x64|Win32
		{A91768BF-1314-41FE-9E6F-A4B4D3A777B4}.Debug|x86.Build.0 = Debug x64|Win32
		{A91768BF-1314-41FE-9E6F-A4B4D3A777B4}.Release x64|Win.ActiveCfg = Release x64|x64
		{A91768BF-1314-41FE-9E6F-A4B4D3A777B4}.Release x64|Win.Build.0 = Release x64|x64
		{A91768BF-1314-41FE-9E6F-A4B4D3A777B4}.Release x64|x64.ActiveCfg = Release x64|x64
		{A91768BF-1314-41FE-9E6F-A4B4D3A777B4}.Release x64|x64.Build.0 = Release x64|x64
		{A91768BF-1314-41FE-9E6F-A4B4D3A777B4}.Release x64|x86.ActiveCfg = Release x64|Win32
		{A91768BF-1314-41FE-9E6F-A4B4D3A777B4}.Release x64|x86.Build.0 = Release x64|Win32
		{A91768BF-1314-41FE-9E6F-A4B4D3A777B4}.Release x86|Win.ActiveCfg = Release x86|Win32
		{A91768BF-1314-41FE-9E6F-A4B4D3A777B4}.Release x86|Win.Build.0 = Release x86|Win32
		{A91768BF-1314-41FE-9E6F-A4B4D3A777B4}.Release x86|x64.ActiveCfg = Release x86|x64
		{A91768BF-1314-41FE-9E6F-A4B4D3A777B4}.Release x86|x64.Build.0 = Release x86|x64
		{A91768BF-1314-41FE-9E6F-A4B4D3A777B4}.Release x86|x86.ActiveCfg = Release x86|Win32
		{A91768BF-1314-41FE-9E6F-A4B4D3A777B4}.Release x86|x86.Build.0 = Release x86|Win32
		{A91768BF-1314-41FE-9E6F-A4B4D3A777B4}.Release|Win.ActiveCfg = Debug x86|x64
		{A91768BF-1314-41FE-9E6F-A4B4D3A777B4}.Release|Win.Build.0 = Debug x86|x64
		{A91768BF-1314-41FE-9E6F-A4B4D3A777B4}.Release|x64.ActiveCfg = Release x86|x64
		{A91768BF-1314-41FE-9E6F-A4B4D3A777B4}.Release|x64.Build.0 = Release x86|x64
		{A91768BF-1314-41FE-9E6F-A4B4D3A777B4}.Release|x86.ActiveCfg = Release x64|Win32
		{A91768BF-1314-41FE-9E6F-A4B4D3A777B4}.Release|x86.Build.0 = Release x64|Win32
		{CE29AD88-4255-450F-9FA1-22252959CE94}.Debug x64|Win.ActiveCfg = Debug x64|x64
		{CE29AD88-4255-450F-9FA1-22252959CE94}.Debug x64|Win.Build.0 = Debug x64|x64
		{CE29AD88-4255-450F-9FA1-22252959CE94}.Debug x64|x64.ActiveCfg = Debug x64|x64
		{CE29AD88-4255-450F-9FA1-22252959CE94}.Debug x64|x64.Build.0 = Debug x64|x64
		{CE29AD88-4255-450F-9FA1-22252959CE94}.Debug x64|x86.ActiveCfg = Debug x64|Win32
		{CE29AD88-4255-450F-9FA1-22252959CE94}.Debug x64|x86.Build.0 = Debug x64|Win32
		{CE29AD88-4255-450F-9FA1-22252959CE94}.Debug x86|Win.ActiveCfg = Debug x86|Win32
		{CE29AD88-4255-450F-9FA1-22252959CE94}.Debug x86|Win.Build.0 = Debug x86|Win32
		{CE29AD88-4255-450F-9FA1-22252959CE94}.Debug x86|x64.ActiveCfg = Debug x86|x64
		{CE29AD88-4255-450F-9FA1-22252959CE94}.Debug x86|x64.Build.0 = Debug x86|x64
		{CE29AD88-4255-450F-9FA1-22252959CE94}.Debug x86|x86.ActiveCfg = Debug x86|Win32
		{CE29AD88-4255-450F-9FA1-22252959CE94}.Debug x86|x86.Build.0 = Debug x86|Win32
		{CE29AD88-4255-450F-9FA1-22252959CE94}.Debug|Win.ActiveCfg = Debug x86|x64
		{CE29AD88-4255-450F-9FA1-22252959CE94}.Debug|Win.Build.0 = Debug x86|x64
		{CE29AD88-4255-450F-9FA1-22252959CE94}.Debug|x64.ActiveCfg = Debug x86|x64
		{CE29AD88-4255-450F-9FA1-22252959CE94}.Debug|x64.Build.0 = Debug x86|x64
		{CE29AD88-4255-450F-9FA1-22252959CE94}.Debug|x86.ActiveCfg = Debug x64|Win32
		{CE29AD88-4255-450F-9FA1-22252959CE94}.Debug|x86.Build.0 = Debug x64|Win32
		{CE29AD88-4255-450F-9FA1-22252959CE94}.Release x64|Win.ActiveCfg = Release x64|x64
		{CE29AD88-4255-450F-9FA1-22252959CE94}.Release x64|Win.Build.0 = Release x64|x64
		{CE29AD88-4255-450F-9FA1-22252959CE94}.Release x64|x64.ActiveCfg = Release x64|x64
		{CE29AD88-4255-450F-9FA1-22252959CE94}.Release x64|x64.Build.0 = Release x64|x64
		{CE29AD88-4255-450F-9FA1-22252959CE94}.Release x64|x86.ActiveCfg = Release x64|Win32
		{CE29AD88-4255-450F-9FA1-22252959CE94}.Release x64|x86.Build.0 = Release x64|Win32
		{CE29AD88-4255-450F-9FA1-22252959CE94}.Release x86|Win.ActiveCfg = Release x86|Win32
		{CE29AD88-4255-450F-9FA1-22252959CE94}.Release x86|Win.Build.0 = Release x86|Win32
		{CE29AD88-4255-450F-9FA1-22252959CE94}.Release x86|x64.ActiveCfg = Release x86|x64
		{CE29AD88-4255-450F-9FA1-22252959CE94}.Release x86|x64.Build.0 = Release x86|x64
		{CE29AD88-4255-450F-9FA1-22252959CE94}.Release x86|x86.ActiveCfg = Release x86|Win32
		{CE29AD88-4255-450F-9FA1-22252959CE94}.Release x86|x86.Build.0 = Release x86|Win32
		{CE29AD88-4255-450F-9FA1-22252959CE94}.Release|Win.ActiveCfg = Debug x86|x64
		{CE29AD88-4255-450F-9FA1-22252959CE94}.Release|Win.Build.0 = Debug x86|x64
		{CE29AD88-4255-450F-9FA1-22252959CE94}.Release|x64.ActiveCfg = Release x86|x64
		{CE29AD88-4255-450F-9FA1-22252959CE94}.Release|x64.Build.0 = Release x86|x64
		{CE29AD88-4255-450F-9FA1-22252959CE94}.Release|x86.ActiveCfg = Release x64|Win32
		{CE29AD88-4255-450F-9FA1-22252959CE94}.Release|x86.Build.0 = Release x64|Win32
	EndGlobalSection
	GlobalSection(SolutionProperties) = preSolution
		HideSolutionNode = FALSE
	EndGlobalSection
EndGlobal
